<?xml version="1.0" encoding="utf-8"?>
<Project ToolsVersion="4.0" xmlns="http://schemas.microsoft.com/developer/msbuild/2003">
  <ItemGroup>
    <Filter Include="源文件">
      <UniqueIdentifier>{4FC737F1-C7A5-4376-A066-2A32D752A2FF}</UniqueIdentifier>
      <Extensions>cpp;c;cc;cxx;def;odl;idl;hpj;bat;asm;asmx</Extensions>
    </Filter>
    <Filter Include="头文件">
      <UniqueIdentifier>{93995380-89BD-4b04-88EB-625FBE52EBFB}</UniqueIdentifier>
      <Extensions>h;hh;hpp;hxx;hm;inl;inc;ipp;xsd</Extensions>
    </Filter>
    <Filter Include="资源文件">
      <UniqueIdentifier>{67DA6AB6-F800-4c08-8B7A-83BB121AAD01}</UniqueIdentifier>
      <Extensions>rc;ico;cur;bmp;dlg;rc2;rct;bin;rgs;gif;jpg;jpeg;jpe;resx;tiff;tif;png;wav;mfcribbon-ms</Extensions>
    </Filter>
    <Filter Include="源文件\common">
      <UniqueIdentifier>{819eb433-e645-4e17-ab43-c9f9f131811f}</UniqueIdentifier>
    </Filter>
    <Filter Include="源文件\scene">
      <UniqueIdentifier>{b96d9286-6701-48e8-aff2-10bc69fc6cea}</UniqueIdentifier>
    </Filter>
    <Filter Include="头文件\common">
      <UniqueIdentifier>{e7def8ea-ef0a-466e-86e3-7ad911c9f863}</UniqueIdentifier>
    </Filter>
    <Filter Include="头文件\scene">
      <UniqueIdentifier>{ff0856e1-47bd-4c06-9cd5-41298c7a81aa}</UniqueIdentifier>
    </Filter>
    <Filter Include="头文件\scene\HelloTriangle">
      <UniqueIdentifier>{7852343b-f492-45d8-b0c7-5aa7d6075457}</UniqueIdentifier>
    </Filter>
    <Filter Include="源文件\scene\HelloTriangle">
      <UniqueIdentifier>{78188aca-3fe0-42df-8bd1-b487c226e50a}</UniqueIdentifier>
    </Filter>
    <Filter Include="资源文件\shader">
      <UniqueIdentifier>{a7575a8c-7bf0-426a-9fc6-a3762b881ebe}</UniqueIdentifier>
    </Filter>
    <Filter Include="资源文件\shader\HelloTriangle">
      <UniqueIdentifier>{bfa67fcd-a646-4192-8ec6-fc9918f8b3e8}</UniqueIdentifier>
    </Filter>
    <Filter Include="头文件\scene\UniformBuffers">
      <UniqueIdentifier>{3b573090-1d73-4923-8129-724de192fd17}</UniqueIdentifier>
    </Filter>
    <Filter Include="源文件\scene\UniformBuffers">
      <UniqueIdentifier>{3edc875f-284e-4306-b371-5cd87f01d138}</UniqueIdentifier>
    </Filter>
    <Filter Include="资源文件\shader\UniformBuffers">
      <UniqueIdentifier>{20eccc60-0586-47e7-a780-1ffd7a3063a4}</UniqueIdentifier>
    </Filter>
    <Filter Include="资源文件\shader\TextureShader">
      <UniqueIdentifier>{7fb90d87-bea7-4c5d-9816-653b76767c04}</UniqueIdentifier>
    </Filter>
    <Filter Include="资源文件\shader\DepthShader">
      <UniqueIdentifier>{e6dd85d1-1310-487e-bc28-b42dca782dfe}</UniqueIdentifier>
    </Filter>
    <Filter Include="源文件\scene\LoadModel">
      <UniqueIdentifier>{e92a720d-5e65-4d36-9f53-71074c8840a4}</UniqueIdentifier>
    </Filter>
    <Filter Include="头文件\scene\LoadModel">
      <UniqueIdentifier>{6abaa010-46ba-482a-b46a-7deb798d8e7d}</UniqueIdentifier>
    </Filter>
    <Filter Include="资源文件\shader\LoadModel">
      <UniqueIdentifier>{10939487-8a21-45d3-a452-9a17014ed7d7}</UniqueIdentifier>
    </Filter>
    <Filter Include="源文件\scene\CompressedTexture">
      <UniqueIdentifier>{9e21f0bb-3ebd-470e-91a9-76c6c9e2b042}</UniqueIdentifier>
    </Filter>
    <Filter Include="头文件\scene\CompressedTexture">
      <UniqueIdentifier>{24abe616-beff-4162-8392-e3bdadf95058}</UniqueIdentifier>
    </Filter>
  </ItemGroup>
  <ItemGroup>
    <ClCompile Include="src\main.cpp">
      <Filter>源文件</Filter>
    </ClCompile>
    <ClCompile Include="src\scene\HelloTriangle\HelloTriangle.cpp">
      <Filter>源文件\scene\HelloTriangle</Filter>
    </ClCompile>
    <ClCompile Include="src\scene\UniformBuffers\UniformBuffers.cpp">
      <Filter>源文件\scene\UniformBuffers</Filter>
    </ClCompile>
    <ClCompile Include="src\scene\LoadModel\LoadModel.cpp">
      <Filter>源文件\scene\LoadModel</Filter>
    </ClCompile>
    <ClCompile Include="src\scene\SceneBase.cpp">
      <Filter>源文件\scene</Filter>
    </ClCompile>
    <ClCompile Include="src\scene\CompressedTexture\CompressedTexture.cpp">
      <Filter>源文件\scene\CompressedTexture</Filter>
    </ClCompile>
    <ClCompile Include="src\scene\CompressedTexture\astc_block_size_descriptor.cpp">
      <Filter>源文件\scene\CompressedTexture</Filter>
    </ClCompile>
    <ClCompile Include="src\scene\CompressedTexture\astc_ise.cpp">
      <Filter>源文件\scene\CompressedTexture</Filter>
    </ClCompile>
    <ClCompile Include="src\scene\CompressedTexture\astc_bit_manipulation.cpp">
      <Filter>源文件\scene\CompressedTexture</Filter>
    </ClCompile>
    <ClCompile Include="src\scene\CompressedTexture\astc_percentile_table.cpp">
      <Filter>源文件\scene\CompressedTexture</Filter>
    </ClCompile>
    <ClCompile Include="src\scene\CompressedTexture\astc_partition_table.cpp">
      <Filter>源文件\scene\CompressedTexture</Filter>
    </ClCompile>
  </ItemGroup>
  <ItemGroup>
    <ClInclude Include="src\scene\HelloTriangle\HelloTriangle.h">
      <Filter>头文件\scene\HelloTriangle</Filter>
    </ClInclude>
    <ClInclude Include="src\scene\scene.h">
      <Filter>头文件\scene</Filter>
    </ClInclude>
    <ClInclude Include="src\scene\SceneBase.h">
      <Filter>头文件\scene</Filter>
    </ClInclude>
    <ClInclude Include="src\scene\UniformBuffers\UniformBuffers.h">
      <Filter>头文件\scene\UniformBuffers</Filter>
    </ClInclude>
    <ClInclude Include="src\scene\LoadModel\LoadModel.h">
      <Filter>头文件\scene\LoadModel</Filter>
    </ClInclude>
    <ClInclude Include="src\scene\CompressedTexture\CompressedTexture.h">
      <Filter>头文件\scene\CompressedTexture</Filter>
    </ClInclude>
    <ClInclude Include="src\scene\CompressedTexture\ASTCTable.h">
      <Filter>头文件\scene\CompressedTexture</Filter>
    </ClInclude>
    <ClInclude Include="src\scene\CompressedTexture\astc_partition_table.h">
      <Filter>头文件\scene\CompressedTexture</Filter>
    </ClInclude>
    <ClInclude Include="src\scene\CompressedTexture\astc_block_size_descriptor.h">
      <Filter>头文件\scene\CompressedTexture</Filter>
    </ClInclude>
    <ClInclude Include="src\scene\CompressedTexture\astc_ise.h">
      <Filter>头文件\scene\CompressedTexture</Filter>
    </ClInclude>
    <ClInclude Include="src\scene\CompressedTexture\astc_bit_manipulation.h">
      <Filter>头文件\scene\CompressedTexture</Filter>
    </ClInclude>
    <ClInclude Include="src\scene\CompressedTexture\astc_percentile_table.h">
      <Filter>头文件\scene\CompressedTexture</Filter>
    </ClInclude>
    <ClInclude Include="src\scene\CompressedTexture\SpvFile.h">
      <Filter>头文件\scene\CompressedTexture</Filter>
    </ClInclude>
  </ItemGroup>
  <ItemGroup>
    <None Include="shaders\HelloTriangle\HelloTriangle.frag">
      <Filter>资源文件\shader\HelloTriangle</Filter>
    </None>
    <None Include="shaders\HelloTriangle\HelloTriangle.vert">
      <Filter>资源文件\shader\HelloTriangle</Filter>
    </None>
    <None Include="shaders\UniformBuffers\UniformBuffers.frag">
      <Filter>资源文件\shader\UniformBuffers</Filter>
    </None>
    <None Include="shaders\UniformBuffers\UniformBuffers.vert">
      <Filter>资源文件\shader\UniformBuffers</Filter>
    </None>
    <None Include="shaders\TextureShader\TextureShader.frag">
      <Filter>资源文件\shader\TextureShader</Filter>
    </None>
    <None Include="shaders\TextureShader\TextureShader.vert">
      <Filter>资源文件\shader\TextureShader</Filter>
    </None>
    <None Include="shaders\DepthShader\DepthShader.frag">
      <Filter>资源文件\shader\DepthShader</Filter>
    </None>
    <None Include="shaders\DepthShader\DepthShader.vert">
      <Filter>资源文件\shader\DepthShader</Filter>
    </None>
    <None Include="shaders\LoadModel\LoadModel.frag">
      <Filter>资源文件\shader\LoadModel</Filter>
    </None>
    <None Include="shaders\LoadModel\LoadModel.vert">
      <Filter>资源文件\shader\LoadModel</Filter>
    </None>
    <None Include="cpp.hint" />
  </ItemGroup>
</Project>